
Microsoft Visual Studio Solution File, Format Version 12.00
# Visual Studio Version 17
VisualStudioVersion = 17.7.34202.233
MinimumVisualStudioVersion = 10.0.40219.1
Project("{9A19103F-16F7-4668-BE54-9A1E7A4F7556}") = "Diary", "Diary\Diary.csproj", "{D2059964-ED83-4CEF-AF9A-CE16CE309E11}"
EndProject
Project("{FAE04EC0-301F-11D3-BF4B-00C04F79EFBC}") = "GUI_WPF", "GUI_WPF\GUI_WPF.csproj", "{DFC38D0F-E6FC-4D2F-8AB1-8917B3651896}"
EndProject
Global
	GlobalSection(SolutionConfigurationPlatforms) = preSolution
		Debug|Any CPU = Debug|Any CPU
		Release|Any CPU = Release|Any CPU
	EndGlobalSection
	GlobalSection(ProjectConfigurationPlatforms) = postSolution
		{D2059964-ED83-4CEF-AF9A-CE16CE309E11}.Debug|Any CPU.ActiveCfg = Debug|Any CPU
		{D2059964-ED83-4CEF-AF9A-CE16CE309E11}.Debug|Any CPU.Build.0 = Debug|Any CPU
		{D2059964-ED83-4CEF-AF9A-CE16CE309E11}.Release|Any CPU.ActiveCfg = Release|Any CPU
		{D2059964-ED83-4CEF-AF9A-CE16CE309E11}.Release|Any CPU.Build.0 = Release|Any CPU
		{DFC38D0F-E6FC-4D2F-8AB1-8917B3651896}.Debug|Any CPU.ActiveCfg = Debug|Any CPU
		{DFC38D0F-E6FC-4D2F-8AB1-8917B3651896}.Debug|Any CPU.Build.0 = Debug|Any CPU
		{DFC38D0F-E6FC-4D2F-8AB1-8917B3651896}.Release|Any CPU.ActiveCfg = Release|Any CPU
		{DFC38D0F-E6FC-4D2F-8AB1-8917B3651896}.Release|Any CPU.Build.0 = Release|Any CPU
	EndGlobalSection
	GlobalSection(SolutionProperties) = preSolution
		HideSolutionNode = FALSE
	EndGlobalSection
	GlobalSection(ExtensibilityGlobals) = postSolution
		SolutionGuid = {18EA9258-DC23-4B33-9D05-66388AC8B726}
	EndGlobalSection
EndGlobal
